# This file is autogenerated, do not edit; changes may be undone by the next 'dep ensure'.


[[projects]]
  digest = "1:11872ccb4422bdcc0a7c7a9cf7924211d88dc0aed7b0173c95afd87c48d2c396"
  name = "github.com/aws/aws-lambda-go"
  packages = [
    "events",
    "lambda",
    "lambda/handlertrace",
    "lambda/messages",
    "lambdacontext",
  ]
  pruneopts = ""
  revision = "5d6413264f82afaa7587b56e3f09f1422c898c68"
  version = "v1.24.0"

[[projects]]
  digest = "1:d1bf236b252a0a881947d230059fe28898b796d2e30ff35f5f63c75e3fbafc29"
  name = "github.com/fnproject/fdk-go"
  packages = ["."]
  pruneopts = ""
  revision = "25d9c42f3ef61cd7f9b20559c97eac22fb7b01e8"
  version = "v0.0.5"

[[projects]]
  branch = "master"
  digest = "1:58fb0c295137b42c7e812993a29cc66ef0b94985f942154d4669caa90b0653c6"
  name = "github.com/tencentyun/scf-go-lib"
  packages = [
    "cloudfunction",
    "cloudfunction/messages",
    "functioncontext",
  ]
  pruneopts = ""
  revision = "ba679e2ec9c958562028e5b355406a05edef1699"

[solve-meta]
  analyzer-name = "dep"
  analyzer-version = 1
  input-imports = [
    "github.com/aws/aws-lambda-go/events",
    "github.com/aws/aws-lambda-go/lambda",
    "github.com/fnproject/fdk-go",
    "github.com/tencentyun/scf-go-lib/cloudfunction",
  ]
  solver-name = "gps-cdcl"
  solver-version = 1
